// !$*UTF8*$!
{
	archiveVersion = 1;
	classes = {
	};
	objectVersion = 50;
	objects = {

/* Begin PBXBuildFile section */
		1959335883A0FBA9DB323152 /* Pods_dArbitrage_Hackathon.framework in Frameworks */ = {isa = PBXBuildFile; fileRef = 5976327AFB5832AD35F8EFD3 /* Pods_dArbitrage_Hackathon.framework */; };
		372AD1962169F02F00EAC336 /* DetailsViewController.swift in Sources */ = {isa = PBXBuildFile; fileRef = 372AD1952169F02F00EAC336 /* DetailsViewController.swift */; };
		372AD198216A3DA400EAC336 /* ProfileViewController.swift in Sources */ = {isa = PBXBuildFile; fileRef = 372AD197216A3DA400EAC336 /* ProfileViewController.swift */; };
		37DB93ED2168E0A90046586B /* AppDelegate.swift in Sources */ = {isa = PBXBuildFile; fileRef = 37DB93EC2168E0A90046586B /* AppDelegate.swift */; };
		37DB93EF2168E0A90046586B /* ViewController.swift in Sources */ = {isa = PBXBuildFile; fileRef = 37DB93EE2168E0A90046586B /* ViewController.swift */; };
		37DB93F22168E0A90046586B /* Main.storyboard in Resources */ = {isa = PBXBuildFile; fileRef = 37DB93F02168E0A90046586B /* Main.storyboard */; };
		37DB93F42168E0AE0046586B /* Assets.xcassets in Resources */ = {isa = PBXBuildFile; fileRef = 37DB93F32168E0AE0046586B /* Assets.xcassets */; };
		37DB93F72168E0AE0046586B /* LaunchScreen.storyboard in Resources */ = {isa = PBXBuildFile; fileRef = 37DB93F52168E0AE0046586B /* LaunchScreen.storyboard */; };
		37DB94022168E0AE0046586B /* dArbitrage_HackathonTests.swift in Sources */ = {isa = PBXBuildFile; fileRef = 37DB94012168E0AE0046586B /* dArbitrage_HackathonTests.swift */; };
		37DB940D2168E0AE0046586B /* dArbitrage_HackathonUITests.swift in Sources */ = {isa = PBXBuildFile; fileRef = 37DB940C2168E0AE0046586B /* dArbitrage_HackathonUITests.swift */; };
		37DB94212168E1B20046586B /* KyberWidget.framework in Frameworks */ = {isa = PBXBuildFile; fileRef = 37DB94202168E1B20046586B /* KyberWidget.framework */; };
		37DB94222168E1BD0046586B /* KyberWidget.framework in Frameworks */ = {isa = PBXBuildFile; fileRef = 37DB94202168E1B20046586B /* KyberWidget.framework */; };
		37DB94232168E1BD0046586B /* KyberWidget.framework in Embed Frameworks */ = {isa = PBXBuildFile; fileRef = 37DB94202168E1B20046586B /* KyberWidget.framework */; settings = {ATTRIBUTES = (CodeSignOnCopy, RemoveHeadersOnCopy, ); }; };
		40FA0A13F11130A98B71FC88 /* Pods_dArbitrage_HackathonUITests.framework in Frameworks */ = {isa = PBXBuildFile; fileRef = 4B135988BE35B587AFEFA07F /* Pods_dArbitrage_HackathonUITests.framework */; };
		E0C2463F1E68B11E32659798 /* Pods_dArbitrage_HackathonTests.framework in Frameworks */ = {isa = PBXBuildFile; fileRef = 02A96C8A1D27945584C551C9 /* Pods_dArbitrage_HackathonTests.framework */; };
/* End PBXBuildFile section */

/* Begin PBXContainerItemProxy section */
		37DB93FE2168E0AE0046586B /* PBXContainerItemProxy */ = {
			isa = PBXContainerItemProxy;
			containerPortal = 37DB93E12168E0A90046586B /* Project object */;
			proxyType = 1;
			remoteGlobalIDString = 37DB93E82168E0A90046586B;
			remoteInfo = "dArbitrage-Hackathon";
		};
		37DB94092168E0AE0046586B /* PBXContainerItemProxy */ = {
			isa = PBXContainerItemProxy;
			containerPortal = 37DB93E12168E0A90046586B /* Project object */;
			proxyType = 1;
			remoteGlobalIDString = 37DB93E82168E0A90046586B;
			remoteInfo = "dArbitrage-Hackathon";
		};
/* End PBXContainerItemProxy section */

/* Begin PBXCopyFilesBuildPhase section */
		37DB94242168E1BD0046586B /* Embed Frameworks */ = {
			isa = PBXCopyFilesBuildPhase;
			buildActionMask = 2147483647;
			dstPath = "";
			dstSubfolderSpec = 10;
			files = (
				37DB94232168E1BD0046586B /* KyberWidget.framework in Embed Frameworks */,
			);
			name = "Embed Frameworks";
			runOnlyForDeploymentPostprocessing = 0;
		};
/* End PBXCopyFilesBuildPhase section */

/* Begin PBXFileReference section */
		02A96C8A1D27945584C551C9 /* Pods_dArbitrage_HackathonTests.framework */ = {isa = PBXFileReference; explicitFileType = wrapper.framework; includeInIndex = 0; path = Pods_dArbitrage_HackathonTests.framework; sourceTree = BUILT_PRODUCTS_DIR; };
		0746B11CD54E3AB913AEB942 /* Pods-dArbitrage-Hackathon.release.xcconfig */ = {isa = PBXFileReference; includeInIndex = 1; lastKnownFileType = text.xcconfig; name = "Pods-dArbitrage-Hackathon.release.xcconfig"; path = "Pods/Target Support Files/Pods-dArbitrage-Hackathon/Pods-dArbitrage-Hackathon.release.xcconfig"; sourceTree = "<group>"; };
		372AD1952169F02F00EAC336 /* DetailsViewController.swift */ = {isa = PBXFileReference; lastKnownFileType = sourcecode.swift; path = DetailsViewController.swift; sourceTree = "<group>"; };
		372AD197216A3DA400EAC336 /* ProfileViewController.swift */ = {isa = PBXFileReference; lastKnownFileType = sourcecode.swift; path = ProfileViewController.swift; sourceTree = "<group>"; };
		37DB93E92168E0A90046586B /* dArbitrage-Hackathon.app */ = {isa = PBXFileReference; explicitFileType = wrapper.application; includeInIndex = 0; path = "dArbitrage-Hackathon.app"; sourceTree = BUILT_PRODUCTS_DIR; };
		37DB93EC2168E0A90046586B /* AppDelegate.swift */ = {isa = PBXFileReference; lastKnownFileType = sourcecode.swift; path = AppDelegate.swift; sourceTree = "<group>"; };
		37DB93EE2168E0A90046586B /* ViewController.swift */ = {isa = PBXFileReference; lastKnownFileType = sourcecode.swift; path = ViewController.swift; sourceTree = "<group>"; };
		37DB93F12168E0A90046586B /* Base */ = {isa = PBXFileReference; lastKnownFileType = file.storyboard; name = Base; path = Base.lproj/Main.storyboard; sourceTree = "<group>"; };
		37DB93F32168E0AE0046586B /* Assets.xcassets */ = {isa = PBXFileReference; lastKnownFileType = folder.assetcatalog; path = Assets.xcassets; sourceTree = "<group>"; };
		37DB93F62168E0AE0046586B /* Base */ = {isa = PBXFileReference; lastKnownFileType = file.storyboard; name = Base; path = Base.lproj/LaunchScreen.storyboard; sourceTree = "<group>"; };
		37DB93F82168E0AE0046586B /* Info.plist */ = {isa = PBXFileReference; lastKnownFileType = text.plist.xml; path = Info.plist; sourceTree = "<group>"; };
		37DB93FD2168E0AE0046586B /* dArbitrage-HackathonTests.xctest */ = {isa = PBXFileReference; explicitFileType = wrapper.cfbundle; includeInIndex = 0; path = "dArbitrage-HackathonTests.xctest"; sourceTree = BUILT_PRODUCTS_DIR; };
		37DB94012168E0AE0046586B /* dArbitrage_HackathonTests.swift */ = {isa = PBXFileReference; lastKnownFileType = sourcecode.swift; path = dArbitrage_HackathonTests.swift; sourceTree = "<group>"; };
		37DB94032168E0AE0046586B /* Info.plist */ = {isa = PBXFileReference; lastKnownFileType = text.plist.xml; path = Info.plist; sourceTree = "<group>"; };
		37DB94082168E0AE0046586B /* dArbitrage-HackathonUITests.xctest */ = {isa = PBXFileReference; explicitFileType = wrapper.cfbundle; includeInIndex = 0; path = "dArbitrage-HackathonUITests.xctest"; sourceTree = BUILT_PRODUCTS_DIR; };
		37DB940C2168E0AE0046586B /* dArbitrage_HackathonUITests.swift */ = {isa = PBXFileReference; lastKnownFileType = sourcecode.swift; path = dArbitrage_HackathonUITests.swift; sourceTree = "<group>"; };
		37DB940E2168E0AE0046586B /* Info.plist */ = {isa = PBXFileReference; lastKnownFileType = text.plist.xml; path = Info.plist; sourceTree = "<group>"; };
		37DB94202168E1B20046586B /* KyberWidget.framework */ = {isa = PBXFileReference; lastKnownFileType = wrapper.framework; path = KyberWidget.framework; sourceTree = "<group>"; };
		4B135988BE35B587AFEFA07F /* Pods_dArbitrage_HackathonUITests.framework */ = {isa = PBXFileReference; explicitFileType = wrapper.framework; includeInIndex = 0; path = Pods_dArbitrage_HackathonUITests.framework; sourceTree = BUILT_PRODUCTS_DIR; };
		5976327AFB5832AD35F8EFD3 /* Pods_dArbitrage_Hackathon.framework */ = {isa = PBXFileReference; explicitFileType = wrapper.framework; includeInIndex = 0; path = Pods_dArbitrage_Hackathon.framework; sourceTree = BUILT_PRODUCTS_DIR; };
		6C0EB6FAA672DF0589FE5739 /* Pods-dArbitrage-HackathonUITests.release.xcconfig */ = {isa = PBXFileReference; includeInIndex = 1; lastKnownFileType = text.xcconfig; name = "Pods-dArbitrage-HackathonUITests.release.xcconfig"; path = "Pods/Target Support Files/Pods-dArbitrage-HackathonUITests/Pods-dArbitrage-HackathonUITests.release.xcconfig"; sourceTree = "<group>"; };
		8333C013E1F9DE9EFE66F250 /* Pods-dArbitrage-HackathonTests.debug.xcconfig */ = {isa = PBXFileReference; includeInIndex = 1; lastKnownFileType = text.xcconfig; name = "Pods-dArbitrage-HackathonTests.debug.xcconfig"; path = "Pods/Target Support Files/Pods-dArbitrage-HackathonTests/Pods-dArbitrage-HackathonTests.debug.xcconfig"; sourceTree = "<group>"; };
		96C67BC5328891B3A1AE1C0B /* Pods-dArbitrage-HackathonUITests.debug.xcconfig */ = {isa = PBXFileReference; includeInIndex = 1; lastKnownFileType = text.xcconfig; name = "Pods-dArbitrage-HackathonUITests.debug.xcconfig"; path = "Pods/Target Support Files/Pods-dArbitrage-HackathonUITests/Pods-dArbitrage-HackathonUITests.debug.xcconfig"; sourceTree = "<group>"; };
		AE596614D89FC5025C36CB59 /* Pods-dArbitrage-Hackathon.debug.xcconfig */ = {isa = PBXFileReference; includeInIndex = 1; lastKnownFileType = text.xcconfig; name = "Pods-dArbitrage-Hackathon.debug.xcconfig"; path = "Pods/Target Support Files/Pods-dArbitrage-Hackathon/Pods-dArbitrage-Hackathon.debug.xcconfig"; sourceTree = "<group>"; };
		B8B0BE919F509FF75057987F /* Pods-dArbitrage-HackathonTests.release.xcconfig */ = {isa = PBXFileReference; includeInIndex = 1; lastKnownFileType = text.xcconfig; name = "Pods-dArbitrage-HackathonTests.release.xcconfig"; path = "Pods/Target Support Files/Pods-dArbitrage-HackathonTests/Pods-dArbitrage-HackathonTests.release.xcconfig"; sourceTree = "<group>"; };
/* End PBXFileReference section */

/* Begin PBXFrameworksBuildPhase section */
		37DB93E62168E0A90046586B /* Frameworks */ = {
			isa = PBXFrameworksBuildPhase;
			buildActionMask = 2147483647;
			files = (
				37DB94222168E1BD0046586B /* KyberWidget.framework in Frameworks */,
				37DB94212168E1B20046586B /* KyberWidget.framework in Frameworks */,
				1959335883A0FBA9DB323152 /* Pods_dArbitrage_Hackathon.framework in Frameworks */,
			);
			runOnlyForDeploymentPostprocessing = 0;
		};
		37DB93FA2168E0AE0046586B /* Frameworks */ = {
			isa = PBXFrameworksBuildPhase;
			buildActionMask = 2147483647;
			files = (
				E0C2463F1E68B11E32659798 /* Pods_dArbitrage_HackathonTests.framework in Frameworks */,
			);
			runOnlyForDeploymentPostprocessing = 0;
		};
		37DB94052168E0AE0046586B /* Frameworks */ = {
			isa = PBXFrameworksBuildPhase;
			buildActionMask = 2147483647;
			files = (
				40FA0A13F11130A98B71FC88 /* Pods_dArbitrage_HackathonUITests.framework in Frameworks */,
			);
			runOnlyForDeploymentPostprocessing = 0;
		};
/* End PBXFrameworksBuildPhase section */

/* Begin PBXGroup section */
		37DB93E02168E0A90046586B = {
			isa = PBXGroup;
			children = (
				37DB93EB2168E0A90046586B /* dArbitrage-Hackathon */,
				37DB94002168E0AE0046586B /* dArbitrage-HackathonTests */,
				37DB940B2168E0AE0046586B /* dArbitrage-HackathonUITests */,
				37DB93EA2168E0A90046586B /* Products */,
				37DB941A2168E0F50046586B /* Frameworks */,
				D5BB041A30FF57A7AB256DC8 /* Pods */,
			);
			sourceTree = "<group>";
		};
		37DB93EA2168E0A90046586B /* Products */ = {
			isa = PBXGroup;
			children = (
				37DB93E92168E0A90046586B /* dArbitrage-Hackathon.app */,
				37DB93FD2168E0AE0046586B /* dArbitrage-HackathonTests.xctest */,
				37DB94082168E0AE0046586B /* dArbitrage-HackathonUITests.xctest */,
			);
			name = Products;
			sourceTree = "<group>";
		};
		37DB93EB2168E0A90046586B /* dArbitrage-Hackathon */ = {
			isa = PBXGroup;
			children = (
				37DB93EC2168E0A90046586B /* AppDelegate.swift */,
				37DB93EE2168E0A90046586B /* ViewController.swift */,
				372AD1952169F02F00EAC336 /* DetailsViewController.swift */,
				372AD197216A3DA400EAC336 /* ProfileViewController.swift */,
				37DB93F02168E0A90046586B /* Main.storyboard */,
				37DB93F32168E0AE0046586B /* Assets.xcassets */,
				37DB93F52168E0AE0046586B /* LaunchScreen.storyboard */,
				37DB93F82168E0AE0046586B /* Info.plist */,
			);
			path = "dArbitrage-Hackathon";
			sourceTree = "<group>";
		};
		37DB94002168E0AE0046586B /* dArbitrage-HackathonTests */ = {
			isa = PBXGroup;
			children = (
				37DB94012168E0AE0046586B /* dArbitrage_HackathonTests.swift */,
				37DB94032168E0AE0046586B /* Info.plist */,
			);
			path = "dArbitrage-HackathonTests";
			sourceTree = "<group>";
		};
		37DB940B2168E0AE0046586B /* dArbitrage-HackathonUITests */ = {
			isa = PBXGroup;
			children = (
				37DB940C2168E0AE0046586B /* dArbitrage_HackathonUITests.swift */,
				37DB940E2168E0AE0046586B /* Info.plist */,
			);
			path = "dArbitrage-HackathonUITests";
			sourceTree = "<group>";
		};
		37DB941A2168E0F50046586B /* Frameworks */ = {
			isa = PBXGroup;
			children = (
				37DB94202168E1B20046586B /* KyberWidget.framework */,
				5976327AFB5832AD35F8EFD3 /* Pods_dArbitrage_Hackathon.framework */,
				02A96C8A1D27945584C551C9 /* Pods_dArbitrage_HackathonTests.framework */,
				4B135988BE35B587AFEFA07F /* Pods_dArbitrage_HackathonUITests.framework */,
			);
			name = Frameworks;
			sourceTree = "<group>";
		};
		D5BB041A30FF57A7AB256DC8 /* Pods */ = {
			isa = PBXGroup;
			children = (
				AE596614D89FC5025C36CB59 /* Pods-dArbitrage-Hackathon.debug.xcconfig */,
				0746B11CD54E3AB913AEB942 /* Pods-dArbitrage-Hackathon.release.xcconfig */,
				8333C013E1F9DE9EFE66F250 /* Pods-dArbitrage-HackathonTests.debug.xcconfig */,
				B8B0BE919F509FF75057987F /* Pods-dArbitrage-HackathonTests.release.xcconfig */,
				96C67BC5328891B3A1AE1C0B /* Pods-dArbitrage-HackathonUITests.debug.xcconfig */,
				6C0EB6FAA672DF0589FE5739 /* Pods-dArbitrage-HackathonUITests.release.xcconfig */,
			);
			name = Pods;
			sourceTree = "<group>";
		};
/* End PBXGroup section */

/* Begin PBXNativeTarget section */
		37DB93E82168E0A90046586B /* dArbitrage-Hackathon */ = {
			isa = PBXNativeTarget;
			buildConfigurationList = 37DB94112168E0AF0046586B /* Build configuration list for PBXNativeTarget "dArbitrage-Hackathon" */;
			buildPhases = (
				163B0C75DF6906B1FDE57537 /* [CP] Check Pods Manifest.lock */,
				37DB93E52168E0A90046586B /* Sources */,
				37DB93E62168E0A90046586B /* Frameworks */,
				37DB93E72168E0A90046586B /* Resources */,
				37DB94242168E1BD0046586B /* Embed Frameworks */,
				9DE878C318370EF4689170D3 /* [CP] Embed Pods Frameworks */,
			);
			buildRules = (
			);
			dependencies = (
			);
			name = "dArbitrage-Hackathon";
			productName = "dArbitrage-Hackathon";
			productReference = 37DB93E92168E0A90046586B /* dArbitrage-Hackathon.app */;
			productType = "com.apple.product-type.application";
		};
		37DB93FC2168E0AE0046586B /* dArbitrage-HackathonTests */ = {
			isa = PBXNativeTarget;
			buildConfigurationList = 37DB94142168E0AF0046586B /* Build configuration list for PBXNativeTarget "dArbitrage-HackathonTests" */;
			buildPhases = (
				4E3696E89C96743BAA1D6017 /* [CP] Check Pods Manifest.lock */,
				37DB93F92168E0AE0046586B /* Sources */,
				37DB93FA2168E0AE0046586B /* Frameworks */,
				37DB93FB2168E0AE0046586B /* Resources */,
			);
			buildRules = (
			);
			dependencies = (
				37DB93FF2168E0AE0046586B /* PBXTargetDependency */,
			);
			name = "dArbitrage-HackathonTests";
			productName = "dArbitrage-HackathonTests";
			productReference = 37DB93FD2168E0AE0046586B /* dArbitrage-HackathonTests.xctest */;
			productType = "com.apple.product-type.bundle.unit-test";
		};
		37DB94072168E0AE0046586B /* dArbitrage-HackathonUITests */ = {
			isa = PBXNativeTarget;
			buildConfigurationList = 37DB94172168E0AF0046586B /* Build configuration list for PBXNativeTarget "dArbitrage-HackathonUITests" */;
			buildPhases = (
				AFFDD7ACB3E6A3FE4FAA5EE4 /* [CP] Check Pods Manifest.lock */,
				37DB94042168E0AE0046586B /* Sources */,
				37DB94052168E0AE0046586B /* Frameworks */,
				37DB94062168E0AE0046586B /* Resources */,
			);
			buildRules = (
			);
			dependencies = (
				37DB940A2168E0AE0046586B /* PBXTargetDependency */,
			);
			name = "dArbitrage-HackathonUITests";
			productName = "dArbitrage-HackathonUITests";
			productReference = 37DB94082168E0AE0046586B /* dArbitrage-HackathonUITests.xctest */;
			productType = "com.apple.product-type.bundle.ui-testing";
		};
/* End PBXNativeTarget section */

/* Begin PBXProject section */
		37DB93E12168E0A90046586B /* Project object */ = {
			isa = PBXProject;
			attributes = {
				LastSwiftUpdateCheck = 1000;
				LastUpgradeCheck = 1000;
				ORGANIZATIONNAME = uk.co.iologics;
				TargetAttributes = {
					37DB93E82168E0A90046586B = {
						CreatedOnToolsVersion = 10.0;
					};
					37DB93FC2168E0AE0046586B = {
						CreatedOnToolsVersion = 10.0;
						TestTargetID = 37DB93E82168E0A90046586B;
					};
					37DB94072168E0AE0046586B = {
						CreatedOnToolsVersion = 10.0;
						TestTargetID = 37DB93E82168E0A90046586B;
					};
				};
			};
			buildConfigurationList = 37DB93E42168E0A90046586B /* Build configuration list for PBXProject "dArbitrage-Hackathon" */;
			compatibilityVersion = "Xcode 9.3";
			developmentRegion = en;
			hasScannedForEncodings = 0;
			knownRegions = (
				en,
				Base,
			);
			mainGroup = 37DB93E02168E0A90046586B;
			productRefGroup = 37DB93EA2168E0A90046586B /* Products */;
			projectDirPath = "";
			projectRoot = "";
			targets = (
				37DB93E82168E0A90046586B /* dArbitrage-Hackathon */,
				37DB93FC2168E0AE0046586B /* dArbitrage-HackathonTests */,
				37DB94072168E0AE0046586B /* dArbitrage-HackathonUITests */,
			);
		};
/* End PBXProject section */

/* Begin PBXResourcesBuildPhase section */
		37DB93E72168E0A90046586B /* Resources */ = {
			isa = PBXResourcesBuildPhase;
			buildActionMask = 2147483647;
			files = (
				37DB93F72168E0AE0046586B /* LaunchScreen.storyboard in Resources */,
				37DB93F42168E0AE0046586B /* Assets.xcassets in Resources */,
				37DB93F22168E0A90046586B /* Main.storyboard in Resources */,
			);
			runOnlyForDeploymentPostprocessing = 0;
		};
		37DB93FB2168E0AE0046586B /* Resources */ = {
			isa = PBXResourcesBuildPhase;
			buildActionMask = 2147483647;
			files = (
			);
			runOnlyForDeploymentPostprocessing = 0;
		};
		37DB94062168E0AE0046586B /* Resources */ = {
			isa = PBXResourcesBuildPhase;
			buildActionMask = 2147483647;
			files = (
			);
			runOnlyForDeploymentPostprocessing = 0;
		};
/* End PBXResourcesBuildPhase section */

/* Begin PBXShellScriptBuildPhase section */
		163B0C75DF6906B1FDE57537 /* [CP] Check Pods Manifest.lock */ = {
			isa = PBXShellScriptBuildPhase;
			buildActionMask = 2147483647;
			files = (
			);
			inputFileListPaths = (
			);
			inputPaths = (
				"${PODS_PODFILE_DIR_PATH}/Podfile.lock",
				"${PODS_ROOT}/Manifest.lock",
			);
			name = "[CP] Check Pods Manifest.lock";
			outputFileListPaths = (
			);
			outputPaths = (
				"$(DERIVED_FILE_DIR)/Pods-dArbitrage-Hackathon-checkManifestLockResult.txt",
			);
			runOnlyForDeploymentPostprocessing = 0;
			shellPath = /bin/sh;
			shellScript = "diff \"${PODS_PODFILE_DIR_PATH}/Podfile.lock\" \"${PODS_ROOT}/Manifest.lock\" > /dev/null\nif [ $? != 0 ] ; then\n    # print error to STDERR\n    echo \"error: The sandbox is not in sync with the Podfile.lock. Run 'pod install' or update your CocoaPods installation.\" >&2\n    exit 1\nfi\n# This output is used by Xcode 'outputs' to avoid re-running this script phase.\necho \"SUCCESS\" > \"${SCRIPT_OUTPUT_FILE_0}\"\n";
			showEnvVarsInLog = 0;
		};
		4E3696E89C96743BAA1D6017 /* [CP] Check Pods Manifest.lock */ = {
			isa = PBXShellScriptBuildPhase;
			buildActionMask = 2147483647;
			files = (
			);
			inputFileListPaths = (
			);
			inputPaths = (
				"${PODS_PODFILE_DIR_PATH}/Podfile.lock",
				"${PODS_ROOT}/Manifest.lock",
			);
			name = "[CP] Check Pods Manifest.lock";
			outputFileListPaths = (
			);
			outputPaths = (
				"$(DERIVED_FILE_DIR)/Pods-dArbitrage-HackathonTests-checkManifestLockResult.txt",
			);
			runOnlyForDeploymentPostprocessing = 0;
			shellPath = /bin/sh;
			shellScript = "diff \"${PODS_PODFILE_DIR_PATH}/Podfile.lock\" \"${PODS_ROOT}/Manifest.lock\" > /dev/null\nif [ $? != 0 ] ; then\n    # print error to STDERR\n    echo \"error: The sandbox is not in sync with the Podfile.lock. Run 'pod install' or update your CocoaPods installation.\" >&2\n    exit 1\nfi\n# This output is used by Xcode 'outputs' to avoid re-running this script phase.\necho \"SUCCESS\" > \"${SCRIPT_OUTPUT_FILE_0}\"\n";
			showEnvVarsInLog = 0;
		};
		9DE878C318370EF4689170D3 /* [CP] Embed Pods Frameworks */ = {
			isa = PBXShellScriptBuildPhase;
			buildActionMask = 2147483647;
			files = (
			);
			inputFileListPaths = (
			);
			inputPaths = (
				"${SRCROOT}/Pods/Target Support Files/Pods-dArbitrage-Hackathon/Pods-dArbitrage-Hackathon-frameworks.sh",
				"${BUILT_PRODUCTS_DIR}/APIKit/APIKit.framework",
				"${BUILT_PRODUCTS_DIR}/Alamofire/Alamofire.framework",
				"${BUILT_PRODUCTS_DIR}/BigInt/BigInt.framework",
				"${BUILT_PRODUCTS_DIR}/CryptoSwift/CryptoSwift.framework",
				"${BUILT_PRODUCTS_DIR}/IQKeyboardManager/IQKeyboardManager.framework",
				"${BUILT_PRODUCTS_DIR}/JSONRPCKit/JSONRPCKit.framework",
				"${BUILT_PRODUCTS_DIR}/JavaScriptKit/JavaScriptKit.framework",
				"${BUILT_PRODUCTS_DIR}/KeychainSwift/KeychainSwift.framework",
				"${BUILT_PRODUCTS_DIR}/MBProgressHUD/MBProgressHUD.framework",
				"${BUILT_PRODUCTS_DIR}/Moya/Moya.framework",
				"${BUILT_PRODUCTS_DIR}/QRCodeReaderViewController/QRCodeReaderViewController.framework",
				"${BUILT_PRODUCTS_DIR}/Result/Result.framework",
				"${BUILT_PRODUCTS_DIR}/SipHash/SipHash.framework",
				"${BUILT_PRODUCTS_DIR}/SwiftyJSON/SwiftyJSON.framework",
				"${BUILT_PRODUCTS_DIR}/TrezorCrypto/TrezorCrypto.framework",
				"${BUILT_PRODUCTS_DIR}/TrustCore/TrustCore.framework",
				"${BUILT_PRODUCTS_DIR}/TrustKeystore/TrustKeystore.framework",
			);
			name = "[CP] Embed Pods Frameworks";
			outputFileListPaths = (
			);
			outputPaths = (
				"${TARGET_BUILD_DIR}/${FRAMEWORKS_FOLDER_PATH}/APIKit.framework",
				"${TARGET_BUILD_DIR}/${FRAMEWORKS_FOLDER_PATH}/Alamofire.framework",
				"${TARGET_BUILD_DIR}/${FRAMEWORKS_FOLDER_PATH}/BigInt.framework",
				"${TARGET_BUILD_DIR}/${FRAMEWORKS_FOLDER_PATH}/CryptoSwift.framework",
				"${TARGET_BUILD_DIR}/${FRAMEWORKS_FOLDER_PATH}/IQKeyboardManager.framework",
				"${TARGET_BUILD_DIR}/${FRAMEWORKS_FOLDER_PATH}/JSONRPCKit.framework",
				"${TARGET_BUILD_DIR}/${FRAMEWORKS_FOLDER_PATH}/JavaScriptKit.framework",
				"${TARGET_BUILD_DIR}/${FRAMEWORKS_FOLDER_PATH}/KeychainSwift.framework",
				"${TARGET_BUILD_DIR}/${FRAMEWORKS_FOLDER_PATH}/MBProgressHUD.framework",
				"${TARGET_BUILD_DIR}/${FRAMEWORKS_FOLDER_PATH}/Moya.framework",
				"${TARGET_BUILD_DIR}/${FRAMEWORKS_FOLDER_PATH}/QRCodeReaderViewController.framework",
				"${TARGET_BUILD_DIR}/${FRAMEWORKS_FOLDER_PATH}/Result.framework",
				"${TARGET_BUILD_DIR}/${FRAMEWORKS_FOLDER_PATH}/SipHash.framework",
				"${TARGET_BUILD_DIR}/${FRAMEWORKS_FOLDER_PATH}/SwiftyJSON.framework",
				"${TARGET_BUILD_DIR}/${FRAMEWORKS_FOLDER_PATH}/TrezorCrypto.framework",
				"${TARGET_BUILD_DIR}/${FRAMEWORKS_FOLDER_PATH}/TrustCore.framework",
				"${TARGET_BUILD_DIR}/${FRAMEWORKS_FOLDER_PATH}/TrustKeystore.framework",
			);
			runOnlyForDeploymentPostprocessing = 0;
			shellPath = /bin/sh;
			shellScript = "\"${SRCROOT}/Pods/Target Support Files/Pods-dArbitrage-Hackathon/Pods-dArbitrage-Hackathon-frameworks.sh\"\n";
			showEnvVarsInLog = 0;
		};
		AFFDD7ACB3E6A3FE4FAA5EE4 /* [CP] Check Pods Manifest.lock */ = {
			isa = PBXShellScriptBuildPhase;
			buildActionMask = 2147483647;
			files = (
			);
			inputFileListPaths = (
			);
			inputPaths = (
				"${PODS_PODFILE_DIR_PATH}/Podfile.lock",
				"${PODS_ROOT}/Manifest.lock",
			);
			name = "[CP] Check Pods Manifest.lock";
			outputFileListPaths = (
			);
			outputPaths = (
				"$(DERIVED_FILE_DIR)/Pods-dArbitrage-HackathonUITests-checkManifestLockResult.txt",
			);
			runOnlyForDeploymentPostprocessing = 0;
			shellPath = /bin/sh;
			shellScript = "diff \"${PODS_PODFILE_DIR_PATH}/Podfile.lock\" \"${PODS_ROOT}/Manifest.lock\" > /dev/null\nif [ $? != 0 ] ; then\n    # print error to STDERR\n    echo \"error: The sandbox is not in sync with the Podfile.lock. Run 'pod install' or update your CocoaPods installation.\" >&2\n    exit 1\nfi\n# This output is used by Xcode 'outputs' to avoid re-running this script phase.\necho \"SUCCESS\" > \"${SCRIPT_OUTPUT_FILE_0}\"\n";
			showEnvVarsInLog = 0;
		};
/* End PBXShellScriptBuildPhase section */

/* Begin PBXSourcesBuildPhase section */
		37DB93E52168E0A90046586B /* Sources */ = {
			isa = PBXSourcesBuildPhase;
			buildActionMask = 2147483647;
			files = (
				37DB93EF2168E0A90046586B /* ViewController.swift in Sources */,
				37DB93ED2168E0A90046586B /* AppDelegate.swift in Sources */,
				372AD198216A3DA400EAC336 /* ProfileViewController.swift in Sources */,
				372AD1962169F02F00EAC336 /* DetailsViewController.swift in Sources */,
			);
			runOnlyForDeploymentPostprocessing = 0;
		};
		37DB93F92168E0AE0046586B /* Sources */ = {
			isa = PBXSourcesBuildPhase;
			buildActionMask = 2147483647;
			files = (
				37DB94022168E0AE0046586B /* dArbitrage_HackathonTests.swift in Sources */,
			);
			runOnlyForDeploymentPostprocessing = 0;
		};
		37DB94042168E0AE0046586B /* Sources */ = {
			isa = PBXSourcesBuildPhase;
			buildActionMask = 2147483647;
			files = (
				37DB940D2168E0AE0046586B /* dArbitrage_HackathonUITests.swift in Sources */,
			);
			runOnlyForDeploymentPostprocessing = 0;
		};
/* End PBXSourcesBuildPhase section */

/* Begin PBXTargetDependency section */
		37DB93FF2168E0AE0046586B /* PBXTargetDependency */ = {
			isa = PBXTargetDependency;
			target = 37DB93E82168E0A90046586B /* dArbitrage-Hackathon */;
			targetProxy = 37DB93FE2168E0AE0046586B /* PBXContainerItemProxy */;
		};
		37DB940A2168E0AE0046586B /* PBXTargetDependency */ = {
			isa = PBXTargetDependency;
			target = 37DB93E82168E0A90046586B /* dArbitrage-Hackathon */;
			targetProxy = 37DB94092168E0AE0046586B /* PBXContainerItemProxy */;
		};
/* End PBXTargetDependency section */

/* Begin PBXVariantGroup section */
		37DB93F02168E0A90046586B /* Main.storyboard */ = {
			isa = PBXVariantGroup;
			children = (
				37DB93F12168E0A90046586B /* Base */,
			);
			name = Main.storyboard;
			sourceTree = "<group>";
		};
		37DB93F52168E0AE0046586B /* LaunchScreen.storyboard */ = {
			isa = PBXVariantGroup;
			children = (
				37DB93F62168E0AE0046586B /* Base */,
			);
			name = LaunchScreen.storyboard;
			sourceTree = "<group>";
		};
/* End PBXVariantGroup section */

/* Begin XCBuildConfiguration section */
		37DB940F2168E0AF0046586B /* Debug */ = {
			isa = XCBuildConfiguration;
			buildSettings = {
				ALWAYS_SEARCH_USER_PATHS = NO;
				CLANG_ANALYZER_NONNULL = YES;
				CLANG_ANALYZER_NUMBER_OBJECT_CONVERSION = YES_AGGRESSIVE;
				CLANG_CXX_LANGUAGE_STANDARD = "gnu++14";
				CLANG_CXX_LIBRARY = "libc++";
				CLANG_ENABLE_MODULES = YES;
				CLANG_ENABLE_OBJC_ARC = YES;
				CLANG_ENABLE_OBJC_WEAK = YES;
				CLANG_WARN_BLOCK_CAPTURE_AUTORELEASING = YES;
				CLANG_WARN_BOOL_CONVERSION = YES;
				CLANG_WARN_COMMA = YES;
				CLANG_WARN_CONSTANT_CONVERSION = YES;
				CLANG_WARN_DEPRECATED_OBJC_IMPLEMENTATIONS = YES;
				CLANG_WARN_DIRECT_OBJC_ISA_USAGE = YES_ERROR;
				CLANG_WARN_DOCUMENTATION_COMMENTS = YES;
				CLANG_WARN_EMPTY_BODY = YES;
				CLANG_WARN_ENUM_CONVERSION = YES;
				CLANG_WARN_INFINITE_RECURSION = YES;
				CLANG_WARN_INT_CONVERSION = YES;
				CLANG_WARN_NON_LITERAL_NULL_CONVERSION = YES;
				CLANG_WARN_OBJC_IMPLICIT_RETAIN_SELF = YES;
				CLANG_WARN_OBJC_LITERAL_CONVERSION = YES;
				CLANG_WARN_OBJC_ROOT_CLASS = YES_ERROR;
				CLANG_WARN_RANGE_LOOP_ANALYSIS = YES;
				CLANG_WARN_STRICT_PROTOTYPES = YES;
				CLANG_WARN_SUSPICIOUS_MOVE = YES;
				CLANG_WARN_UNGUARDED_AVAILABILITY = YES_AGGRESSIVE;
				CLANG_WARN_UNREACHABLE_CODE = YES;
				CLANG_WARN__DUPLICATE_METHOD_MATCH = YES;
				CODE_SIGN_IDENTITY = "iPhone Developer";
				COPY_PHASE_STRIP = NO;
				DEBUG_INFORMATION_FORMAT = dwarf;
				ENABLE_STRICT_OBJC_MSGSEND = YES;
				ENABLE_TESTABILITY = YES;
				GCC_C_LANGUAGE_STANDARD = gnu11;
				GCC_DYNAMIC_NO_PIC = NO;
				GCC_NO_COMMON_BLOCKS = YES;
				GCC_OPTIMIZATION_LEVEL = 0;
				GCC_PREPROCESSOR_DEFINITIONS = (
					"DEBUG=1",
					"$(inherited)",
				);
				GCC_WARN_64_TO_32_BIT_CONVERSION = YES;
				GCC_WARN_ABOUT_RETURN_TYPE = YES_ERROR;
				GCC_WARN_UNDECLARED_SELECTOR = YES;
				GCC_WARN_UNINITIALIZED_AUTOS = YES_AGGRESSIVE;
				GCC_WARN_UNUSED_FUNCTION = YES;
				GCC_WARN_UNUSED_VARIABLE = YES;
				IPHONEOS_DEPLOYMENT_TARGET = 12.0;
				MTL_ENABLE_DEBUG_INFO = INCLUDE_SOURCE;
				MTL_FAST_MATH = YES;
				ONLY_ACTIVE_ARCH = YES;
				SDKROOT = iphoneos;
				SWIFT_ACTIVE_COMPILATION_CONDITIONS = DEBUG;
				SWIFT_OPTIMIZATION_LEVEL = "-Onone";
			};
			name = Debug;
		};
		37DB94102168E0AF0046586B /* Release */ = {
			isa = XCBuildConfiguration;
			buildSettings = {
				ALWAYS_SEARCH_USER_PATHS = NO;
				CLANG_ANALYZER_NONNULL = YES;
				CLANG_ANALYZER_NUMBER_OBJECT_CONVERSION = YES_AGGRESSIVE;
				CLANG_CXX_LANGUAGE_STANDARD = "gnu++14";
				CLANG_CXX_LIBRARY = "libc++";
				CLANG_ENABLE_MODULES = YES;
				CLANG_ENABLE_OBJC_ARC = YES;
				CLANG_ENABLE_OBJC_WEAK = YES;
				CLANG_WARN_BLOCK_CAPTURE_AUTORELEASING = YES;
				CLANG_WARN_BOOL_CONVERSION = YES;
				CLANG_WARN_COMMA = YES;
				CLANG_WARN_CONSTANT_CONVERSION = YES;
				CLANG_WARN_DEPRECATED_OBJC_IMPLEMENTATIONS = YES;
				CLANG_WARN_DIRECT_OBJC_ISA_USAGE = YES_ERROR;
				CLANG_WARN_DOCUMENTATION_COMMENTS = YES;
				CLANG_WARN_EMPTY_BODY = YES;
				CLANG_WARN_ENUM_CONVERSION = YES;
				CLANG_WARN_INFINITE_RECURSION = YES;
				CLANG_WARN_INT_CONVERSION = YES;
				CLANG_WARN_NON_LITERAL_NULL_CONVERSION = YES;
				CLANG_WARN_OBJC_IMPLICIT_RETAIN_SELF = YES;
				CLANG_WARN_OBJC_LITERAL_CONVERSION = YES;
				CLANG_WARN_OBJC_ROOT_CLASS = YES_ERROR;
				CLANG_WARN_RANGE_LOOP_ANALYSIS = YES;
				CLANG_WARN_STRICT_PROTOTYPES = YES;
				CLANG_WARN_SUSPICIOUS_MOVE = YES;
				CLANG_WARN_UNGUARDED_AVAILABILITY = YES_AGGRESSIVE;
				CLANG_WARN_UNREACHABLE_CODE = YES;
				CLANG_WARN__DUPLICATE_METHOD_MATCH = YES;
				CODE_SIGN_IDENTITY = "iPhone Developer";
				COPY_PHASE_STRIP = NO;
				DEBUG_INFORMATION_FORMAT = "dwarf-with-dsym";
				ENABLE_NS_ASSERTIONS = NO;
				ENABLE_STRICT_OBJC_MSGSEND = YES;
				GCC_C_LANGUAGE_STANDARD = gnu11;
				GCC_NO_COMMON_BLOCKS = YES;
				GCC_WARN_64_TO_32_BIT_CONVERSION = YES;
				GCC_WARN_ABOUT_RETURN_TYPE = YES_ERROR;
				GCC_WARN_UNDECLARED_SELECTOR = YES;
				GCC_WARN_UNINITIALIZED_AUTOS = YES_AGGRESSIVE;
				GCC_WARN_UNUSED_FUNCTION = YES;
				GCC_WARN_UNUSED_VARIABLE = YES;
				IPHONEOS_DEPLOYMENT_TARGET = 12.0;
				MTL_ENABLE_DEBUG_INFO = NO;
				MTL_FAST_MATH = YES;
				SDKROOT = iphoneos;
				SWIFT_COMPILATION_MODE = wholemodule;
				SWIFT_OPTIMIZATION_LEVEL = "-O";
				VALIDATE_PRODUCT = YES;
			};
			name = Release;
		};
		37DB94122168E0AF0046586B /* Debug */ = {
			isa = XCBuildConfiguration;
			baseConfigurationReference = AE596614D89FC5025C36CB59 /* Pods-dArbitrage-Hackathon.debug.xcconfig */;
			buildSettings = {
				ASSETCATALOG_COMPILER_APPICON_NAME = AppIcon;
				CODE_SIGN_STYLE = Automatic;
				DEVELOPMENT_TEAM = NKVT77JN2L;
				FRAMEWORK_SEARCH_PATHS = (
					"$(inherited)",
					"$(PROJECT_DIR)",
				);
				INFOPLIST_FILE = "dArbitrage-Hackathon/Info.plist";
				IPHONEOS_DEPLOYMENT_TARGET = 11.0;
				LD_RUNPATH_SEARCH_PATHS = (
					"$(inherited)",
					"@executable_path/Frameworks",
				);
				PRODUCT_BUNDLE_IDENTIFIER = "None.dArbitrage-Hackathon";
				PRODUCT_NAME = "$(TARGET_NAME)";
				SWIFT_VERSION = 4.2;
				TARGETED_DEVICE_FAMILY = "1,2";
			};
			name = Debug;
		};
		37DB94132168E0AF0046586B /* Release */ = {
			isa = XCBuildConfiguration;
			baseConfigurationReference = 0746B11CD54E3AB913AEB942 /* Pods-dArbitrage-Hackathon.release.xcconfig */;
			buildSettings = {
				ASSETCATALOG_COMPILER_APPICON_NAME = AppIcon;
				CODE_SIGN_STYLE = Automatic;
				DEVELOPMENT_TEAM = NKVT77JN2L;
				FRAMEWORK_SEARCH_PATHS = (
					"$(inherited)",
					"$(PROJECT_DIR)",
				);
				INFOPLIST_FILE = "dArbitrage-Hackathon/Info.plist";
				IPHONEOS_DEPLOYMENT_TARGET = 11.0;
				LD_RUNPATH_SEARCH_PATHS = (
					"$(inherited)",
					"@executable_path/Frameworks",
				);
				PRODUCT_BUNDLE_IDENTIFIER = "None.dArbitrage-Hackathon";
				PRODUCT_NAME = "$(TARGET_NAME)";
				SWIFT_VERSION = 4.2;
				TARGETED_DEVICE_FAMILY = "1,2";
			};
			name = Release;
		};
		37DB94152168E0AF0046586B /* Debug */ = {
			isa = XCBuildConfiguration;
			baseConfigurationReference = 8333C013E1F9DE9EFE66F250 /* Pods-dArbitrage-HackathonTests.debug.xcconfig */;
			buildSettings = {
				ALWAYS_EMBED_SWIFT_STANDARD_LIBRARIES = YES;
				BUNDLE_LOADER = "$(TEST_HOST)";
				CODE_SIGN_STYLE = Automatic;
				DEVELOPMENT_TEAM = NKVT77JN2L;
				INFOPLIST_FILE = "dArbitrage-HackathonTests/Info.plist";
				LD_RUNPATH_SEARCH_PATHS = (
					"$(inherited)",
					"@executable_path/Frameworks",
					"@loader_path/Frameworks",
				);
				PRODUCT_BUNDLE_IDENTIFIER = "None.dArbitrage-HackathonTests";
				PRODUCT_NAME = "$(TARGET_NAME)";
				SWIFT_VERSION = 4.2;
				TARGETED_DEVICE_FAMILY = "1,2";
				TEST_HOST = "$(BUILT_PRODUCTS_DIR)/dArbitrage-Hackathon.app/dArbitrage-Hackathon";
			};
			name = Debug;
		};
		37DB94162168E0AF0046586B /* Release */ = {
			isa = XCBuildConfiguration;
			baseConfigurationReference = B8B0BE919F509FF75057987F /* Pods-dArbitrage-HackathonTests.release.xcconfig */;
			buildSettings = {
				ALWAYS_EMBED_SWIFT_STANDARD_LIBRARIES = YES;
				BUNDLE_LOADER = "$(TEST_HOST)";
				CODE_SIGN_STYLE = Automatic;
				DEVELOPMENT_TEAM = NKVT77JN2L;
				INFOPLIST_FILE = "dArbitrage-HackathonTests/Info.plist";
				LD_RUNPATH_SEARCH_PATHS = (
					"$(inherited)",
					"@executable_path/Frameworks",
					"@loader_path/Frameworks",
				);
				PRODUCT_BUNDLE_IDENTIFIER = "None.dArbitrage-HackathonTests";
				PRODUCT_NAME = "$(TARGET_NAME)";
				SWIFT_VERSION = 4.2;
				TARGETED_DEVICE_FAMILY = "1,2";
				TEST_HOST = "$(BUILT_PRODUCTS_DIR)/dArbitrage-Hackathon.app/dArbitrage-Hackathon";
			};
			name = Release;
		};
		37DB94182168E0AF0046586B /* Debug */ = {
			isa = XCBuildConfiguration;
			baseConfigurationReference = 96C67BC5328891B3A1AE1C0B /* Pods-dArbitrage-HackathonUITests.debug.xcconfig */;
			buildSettings = {
				ALWAYS_EMBED_SWIFT_STANDARD_LIBRARIES = YES;
				CODE_SIGN_STYLE = Automatic;
				DEVELOPMENT_TEAM = NKVT77JN2L;
				INFOPLIST_FILE = "dArbitrage-HackathonUITests/Info.plist";
				LD_RUNPATH_SEARCH_PATHS = (
					"$(inherited)",
					"@executable_path/Frameworks",
					"@loader_path/Frameworks",
				);
				PRODUCT_BUNDLE_IDENTIFIER = "None.dArbitrage-HackathonUITests";
				PRODUCT_NAME = "$(TARGET_NAME)";
				SWIFT_VERSION = 4.2;
				TARGETED_DEVICE_FAMILY = "1,2";
				TEST_TARGET_NAME = "dArbitrage-Hackathon";
			};
			name = Debug;
		};
		37DB94192168E0AF0046586B /* Release */ = {
			isa = XCBuildConfiguration;
			baseConfigurationReference = 6C0EB6FAA672DF0589FE5739 /* Pods-dArbitrage-HackathonUITests.release.xcconfig */;
			buildSettings = {
				ALWAYS_EMBED_SWIFT_STANDARD_LIBRARIES = YES;
				CODE_SIGN_STYLE = Automatic;
				DEVELOPMENT_TEAM = NKVT77JN2L;
				INFOPLIST_FILE = "dArbitrage-HackathonUITests/Info.plist";
				LD_RUNPATH_SEARCH_PATHS = (
					"$(inherited)",
					"@executable_path/Frameworks",
					"@loader_path/Frameworks",
				);
				PRODUCT_BUNDLE_IDENTIFIER = "None.dArbitrage-HackathonUITests";
				PRODUCT_NAME = "$(TARGET_NAME)";
				SWIFT_VERSION = 4.2;
				TARGETED_DEVICE_FAMILY = "1,2";
				TEST_TARGET_NAME = "dArbitrage-Hackathon";
			};
			name = Release;
		};
/* End XCBuildConfiguration section */

/* Begin XCConfigurationList section */
		37DB93E42168E0A90046586B /* Build configuration list for PBXProject "dArbitrage-Hackathon" */ = {
			isa = XCConfigurationList;
			buildConfigurations = (
				37DB940F2168E0AF0046586B /* Debug */,
				37DB94102168E0AF0046586B /* Release */,
			);
			defaultConfigurationIsVisible = 0;
			defaultConfigurationName = Release;
		};
		37DB94112168E0AF0046586B /* Build configuration list for PBXNativeTarget "dArbitrage-Hackathon" */ = {
			isa = XCConfigurationList;
			buildConfigurations = (
				37DB94122168E0AF0046586B /* Debug */,
				37DB94132168E0AF0046586B /* Release */,
			);
			defaultConfigurationIsVisible = 0;
			defaultConfigurationName = Release;
		};
		37DB94142168E0AF0046586B /* Build configuration list for PBXNativeTarget "dArbitrage-HackathonTests" */ = {
			isa = XCConfigurationList;
			buildConfigurations = (
				37DB94152168E0AF0046586B /* Debug */,
				37DB94162168E0AF0046586B /* Release */,
			);
			defaultConfigurationIsVisible = 0;
			defaultConfigurationName = Release;
		};
		37DB94172168E0AF0046586B /* Build configuration list for PBXNativeTarget "dArbitrage-HackathonUITests" */ = {
			isa = XCConfigurationList;
			buildConfigurations = (
				37DB94182168E0AF0046586B /* Debug */,
				37DB94192168E0AF0046586B /* Release */,
			);
			defaultConfigurationIsVisible = 0;
			defaultConfigurationName = Release;
		};
/* End XCConfigurationList section */
	};
	rootObject = 37DB93E12168E0A90046586B /* Project object */;
}
